{
  "pins" : [
    {
      "identity" : "swift-extras",
      "kind" : "remoteSourceControl",
      "location" : "https://github.com/stansmida/swift-extras.git",
      "state" : {
        "revision" : "beced210c6290dcff1c0aefbce2ea572c4691e13",
        "version" : "0.7.4"
      }
    },
    {
      "identity" : "swift-syntax",
      "kind" : "remoteSourceControl",
      "location" : "https://github.com/apple/swift-syntax.git",
      "state" : {
        "revision" : "6ad4ea24b01559dde0773e3d091f1b9e36175036",
        "version" : "509.0.2"
      }
    },
    {
      "identity" : "swift-syntax-extras",
      "kind" : "remoteSourceControl",
      "location" : "https://github.com/stansmida/swift-syntax-extras.git",
      "state" : {
        "revision" : "2a7ee78776f1702b8c86464d0e1d1a5fdcfbf260",
        "version" : "0.4.1"
      }
    }
  ],
  "version" : 2
}
